
Microsoft Visual Studio Solution File, Format Version 12.00
# Visual Studio Version 16
VisualStudioVersion = 16.0.30204.135
MinimumVisualStudioVersion = 10.0.40219.1
Project("{FAE04EC0-301F-11D3-BF4B-00C04F79EFBC}") = "ABX Database", "ABX Database\ABX Database.csproj", "{3515CB4B-05AF-4E33-B2AF-34280BBFA2D7}"
EndProject
Global
	GlobalSection(SolutionConfigurationPlatforms) = preSolution
		Debug|Any CPU = Debug|Any CPU
		Release|Any CPU = Release|Any CPU
	EndGlobalSection
	GlobalSection(ProjectConfigurationPlatforms) = postSolution
		{3515CB4B-05AF-4E33-B2AF-34280BBFA2D7}.Debug|Any CPU.ActiveCfg = Debug|Any CPU
		{3515CB4B-05AF-4E33-B2AF-34280BBFA2D7}.Debug|Any CPU.Build.0 = Debug|Any CPU
		{3515CB4B-05AF-4E33-B2AF-34280BBFA2D7}.Release|Any CPU.ActiveCfg = Release|Any CPU
		{3515CB4B-05AF-4E33-B2AF-34280BBFA2D7}.Release|Any CPU.Build.0 = Release|Any CPU
	EndGlobalSection
	GlobalSection(SolutionProperties) = preSolution
		HideSolutionNode = FALSE
	EndGlobalSection
	GlobalSection(ExtensibilityGlobals) = postSolution
		SolutionGuid = {1FBBEDD0-8303-457A-A357-86ECBC98DD32}
	EndGlobalSection
EndGlobal
